
Microsoft Visual Studio Solution File, Format Version 12.00
# Visual Studio 15
VisualStudioVersion = 15.0.26124.0
MinimumVisualStudioVersion = 15.0.26124.0
Project("{9A19103F-16F7-4668-BE54-9A1E7A4F7556}") = "R5T.Frisia.Suebia", "R5T.Frisia.Suebia\R5T.Frisia.Suebia.csproj", "{ECE98E80-9433-415A-84DA-9B6D6A1B083A}"
EndProject
Project("{9A19103F-16F7-4668-BE54-9A1E7A4F7556}") = "R5T.Frisia.Suebia.Testing", "R5T.Frisia.Suebia.Testing\R5T.Frisia.Suebia.Testing.csproj", "{A327D62F-B7C9-41B2-B589-CDEF5C258344}"
EndProject
Project("{2150E333-8FDC-42A3-9474-1A3956D46DE8}") = "_Dependencies", "_Dependencies", "{51C99A32-0B58-465E-9EEC-58A8B7928EBE}"
EndProject
Project("{9A19103F-16F7-4668-BE54-9A1E7A4F7556}") = "R5T.Frisia.Base", "..\..\R5T.Frisia.Base\source\R5T.Frisia.Base\R5T.Frisia.Base.csproj", "{F23F91C6-05E3-4019-8114-6B88F594C087}"
EndProject
Project("{9A19103F-16F7-4668-BE54-9A1E7A4F7556}") = "R5T.Suebia.Base", "..\..\R5T.Suebia.Base\source\R5T.Suebia.Base\R5T.Suebia.Base.csproj", "{E5691D74-05AB-4960-BC5B-86B2B29E6771}"
EndProject
Project("{9A19103F-16F7-4668-BE54-9A1E7A4F7556}") = "R5T.Dacia", "..\..\R5T.Dacia\source\R5T.Dacia\R5T.Dacia.csproj", "{3B2434B1-E8BC-40FA-95C0-DD3DE12C37B9}"
EndProject
Project("{9A19103F-16F7-4668-BE54-9A1E7A4F7556}") = "R5T.Jutland.Base", "..\..\R5T.Jutland.Base\source\R5T.Jutland.Base\R5T.Jutland.Base.csproj", "{3352DA66-6CB9-4CF3-BC80-E590305041A0}"
EndProject
Project("{9A19103F-16F7-4668-BE54-9A1E7A4F7556}") = "R5T.Dacia.Extensions", "..\..\R5T.Dacia.Extensions\source\R5T.Dacia.Extensions\R5T.Dacia.Extensions.csproj", "{ABA4F7D4-251A-4557-852E-17D279DCE0AE}"
EndProject
Project("{9A19103F-16F7-4668-BE54-9A1E7A4F7556}") = "R5T.T0064", "..\..\R5T.T0064\source\R5T.T0064\R5T.T0064.csproj", "{73DD0F73-73B7-45C5-8DBD-DC0EBDE0AB3F}"
EndProject
Project("{9A19103F-16F7-4668-BE54-9A1E7A4F7556}") = "R5T.T0062.X001", "..\..\R5T.T0062\source\R5T.T0062.X001\R5T.T0062.X001.csproj", "{FCBC291C-0217-4BBB-AEFD-F95B62EDBD45}"
EndProject
Project("{9A19103F-16F7-4668-BE54-9A1E7A4F7556}") = "R5T.T0063", "..\..\R5T.T0063\source\R5T.T0063\R5T.T0063.csproj", "{A7592E9B-5455-4461-9C6D-937AA33C490F}"
EndProject
Project("{9A19103F-16F7-4668-BE54-9A1E7A4F7556}") = "R5T.L0013", "..\..\R5T.L0013\source\R5T.L0013\R5T.L0013.csproj", "{7D67F099-F470-49C4-9F82-36C19CEA53CC}"
EndProject
Project("{9A19103F-16F7-4668-BE54-9A1E7A4F7556}") = "R5T.T0062", "..\..\R5T.T0062\source\R5T.T0062\R5T.T0062.csproj", "{2C43B6A7-38FA-4302-A352-C81D581AFD58}"
EndProject
Project("{9A19103F-16F7-4668-BE54-9A1E7A4F7556}") = "R5T.T0039.T002", "..\..\R5T.T0039\source\R5T.T0039.T002\R5T.T0039.T002.csproj", "{02CD91B7-D542-412E-9626-6C332E72EDF0}"
EndProject
Global
	GlobalSection(SolutionConfigurationPlatforms) = preSolution
		Debug|Any CPU = Debug|Any CPU
		Debug|x64 = Debug|x64
		Debug|x86 = Debug|x86
		Release|Any CPU = Release|Any CPU
		Release|x64 = Release|x64
		Release|x86 = Release|x86
	EndGlobalSection
	GlobalSection(ProjectConfigurationPlatforms) = postSolution
		{ECE98E80-9433-415A-84DA-9B6D6A1B083A}.Debug|Any CPU.ActiveCfg = Debug|Any CPU
		{ECE98E80-9433-415A-84DA-9B6D6A1B083A}.Debug|Any CPU.Build.0 = Debug|Any CPU
		{ECE98E80-9433-415A-84DA-9B6D6A1B083A}.Debug|x64.ActiveCfg = Debug|Any CPU
		{ECE98E80-9433-415A-84DA-9B6D6A1B083A}.Debug|x64.Build.0 = Debug|Any CPU
		{ECE98E80-9433-415A-84DA-9B6D6A1B083A}.Debug|x86.ActiveCfg = Debug|Any CPU
		{ECE98E80-9433-415A-84DA-9B6D6A1B083A}.Debug|x86.Build.0 = Debug|Any CPU
		{ECE98E80-9433-415A-84DA-9B6D6A1B083A}.Release|Any CPU.ActiveCfg = Release|Any CPU
		{ECE98E80-9433-415A-84DA-9B6D6A1B083A}.Release|Any CPU.Build.0 = Release|Any CPU
		{ECE98E80-9433-415A-84DA-9B6D6A1B083A}.Release|x64.ActiveCfg = Release|Any CPU
		{ECE98E80-9433-415A-84DA-9B6D6A1B083A}.Release|x64.Build.0 = Release|Any CPU
		{ECE98E80-9433-415A-84DA-9B6D6A1B083A}.Release|x86.ActiveCfg = Release|Any CPU
		{ECE98E80-9433-415A-84DA-9B6D6A1B083A}.Release|x86.Build.0 = Release|Any CPU
		{A327D62F-B7C9-41B2-B589-CDEF5C258344}.Debug|Any CPU.ActiveCfg = Debug|Any CPU
		{A327D62F-B7C9-41B2-B589-CDEF5C258344}.Debug|Any CPU.Build.0 = Debug|Any CPU
		{A327D62F-B7C9-41B2-B589-CDEF5C258344}.Debug|x64.ActiveCfg = Debug|Any CPU
		{A327D62F-B7C9-41B2-B589-CDEF5C258344}.Debug|x64.Build.0 = Debug|Any CPU
		{A327D62F-B7C9-41B2-B589-CDEF5C258344}.Debug|x86.ActiveCfg = Debug|Any CPU
		{A327D62F-B7C9-41B2-B589-CDEF5C258344}.Debug|x86.Build.0 = Debug|Any CPU
		{A327D62F-B7C9-41B2-B589-CDEF5C258344}.Release|Any CPU.ActiveCfg = Release|Any CPU
		{A327D62F-B7C9-41B2-B589-CDEF5C258344}.Release|Any CPU.Build.0 = Release|Any CPU
		{A327D62F-B7C9-41B2-B589-CDEF5C258344}.Release|x64.ActiveCfg = Release|Any CPU
		{A327D62F-B7C9-41B2-B589-CDEF5C258344}.Release|x64.Build.0 = Release|Any CPU
		{A327D62F-B7C9-41B2-B589-CDEF5C258344}.Release|x86.ActiveCfg = Release|Any CPU
		{A327D62F-B7C9-41B2-B589-CDEF5C258344}.Release|x86.Build.0 = Release|Any CPU
		{F23F91C6-05E3-4019-8114-6B88F594C087}.Debug|Any CPU.ActiveCfg = Debug|Any CPU
		{F23F91C6-05E3-4019-8114-6B88F594C087}.Debug|Any CPU.Build.0 = Debug|Any CPU
		{F23F91C6-05E3-4019-8114-6B88F594C087}.Debug|x64.ActiveCfg = Debug|Any CPU
		{F23F91C6-05E3-4019-8114-6B88F594C087}.Debug|x64.Build.0 = Debug|Any CPU
		{F23F91C6-05E3-4019-8114-6B88F594C087}.Debug|x86.ActiveCfg = Debug|Any CPU
		{F23F91C6-05E3-4019-8114-6B88F594C087}.Debug|x86.Build.0 = Debug|Any CPU
		{F23F91C6-05E3-4019-8114-6B88F594C087}.Release|Any CPU.ActiveCfg = Release|Any CPU
		{F23F91C6-05E3-4019-8114-6B88F594C087}.Release|Any CPU.Build.0 = Release|Any CPU
		{F23F91C6-05E3-4019-8114-6B88F594C087}.Release|x64.ActiveCfg = Release|Any CPU
		{F23F91C6-05E3-4019-8114-6B88F594C087}.Release|x64.Build.0 = Release|Any CPU
		{F23F91C6-05E3-4019-8114-6B88F594C087}.Release|x86.ActiveCfg = Release|Any CPU
		{F23F91C6-05E3-4019-8114-6B88F594C087}.Release|x86.Build.0 = Release|Any CPU
		{E5691D74-05AB-4960-BC5B-86B2B29E6771}.Debug|Any CPU.ActiveCfg = Debug|Any CPU
		{E5691D74-05AB-4960-BC5B-86B2B29E6771}.Debug|Any CPU.Build.0 = Debug|Any CPU
		{E5691D74-05AB-4960-BC5B-86B2B29E6771}.Debug|x64.ActiveCfg = Debug|Any CPU
		{E5691D74-05AB-4960-BC5B-86B2B29E6771}.Debug|x64.Build.0 = Debug|Any CPU
		{E5691D74-05AB-4960-BC5B-86B2B29E6771}.Debug|x86.ActiveCfg = Debug|Any CPU
		{E5691D74-05AB-4960-BC5B-86B2B29E6771}.Debug|x86.Build.0 = Debug|Any CPU
		{E5691D74-05AB-4960-BC5B-86B2B29E6771}.Release|Any CPU.ActiveCfg = Release|Any CPU
		{E5691D74-05AB-4960-BC5B-86B2B29E6771}.Release|Any CPU.Build.0 = Release|Any CPU
		{E5691D74-05AB-4960-BC5B-86B2B29E6771}.Release|x64.ActiveCfg = Release|Any CPU
		{E5691D74-05AB-4960-BC5B-86B2B29E6771}.Release|x64.Build.0 = Release|Any CPU
		{E5691D74-05AB-4960-BC5B-86B2B29E6771}.Release|x86.ActiveCfg = Release|Any CPU
		{E5691D74-05AB-4960-BC5B-86B2B29E6771}.Release|x86.Build.0 = Release|Any CPU
		{3B2434B1-E8BC-40FA-95C0-DD3DE12C37B9}.Debug|Any CPU.ActiveCfg = Debug|Any CPU
		{3B2434B1-E8BC-40FA-95C0-DD3DE12C37B9}.Debug|Any CPU.Build.0 = Debug|Any CPU
		{3B2434B1-E8BC-40FA-95C0-DD3DE12C37B9}.Debug|x64.ActiveCfg = Debug|Any CPU
		{3B2434B1-E8BC-40FA-95C0-DD3DE12C37B9}.Debug|x64.Build.0 = Debug|Any CPU
		{3B2434B1-E8BC-40FA-95C0-DD3DE12C37B9}.Debug|x86.ActiveCfg = Debug|Any CPU
		{3B2434B1-E8BC-40FA-95C0-DD3DE12C37B9}.Debug|x86.Build.0 = Debug|Any CPU
		{3B2434B1-E8BC-40FA-95C0-DD3DE12C37B9}.Release|Any CPU.ActiveCfg = Release|Any CPU
		{3B2434B1-E8BC-40FA-95C0-DD3DE12C37B9}.Release|Any CPU.Build.0 = Release|Any CPU
		{3B2434B1-E8BC-40FA-95C0-DD3DE12C37B9}.Release|x64.ActiveCfg = Release|Any CPU
		{3B2434B1-E8BC-40FA-95C0-DD3DE12C37B9}.Release|x64.Build.0 = Release|Any CPU
		{3B2434B1-E8BC-40FA-95C0-DD3DE12C37B9}.Release|x86.ActiveCfg = Release|Any CPU
		{3B2434B1-E8BC-40FA-95C0-DD3DE12C37B9}.Release|x86.Build.0 = Release|Any CPU
		{3352DA66-6CB9-4CF3-BC80-E590305041A0}.Debug|Any CPU.ActiveCfg = Debug|Any CPU
		{3352DA66-6CB9-4CF3-BC80-E590305041A0}.Debug|Any CPU.Build.0 = Debug|Any CPU
		{3352DA66-6CB9-4CF3-BC80-E590305041A0}.Debug|x64.ActiveCfg = Debug|Any CPU
		{3352DA66-6CB9-4CF3-BC80-E590305041A0}.Debug|x64.Build.0 = Debug|Any CPU
		{3352DA66-6CB9-4CF3-BC80-E590305041A0}.Debug|x86.ActiveCfg = Debug|Any CPU
		{3352DA66-6CB9-4CF3-BC80-E590305041A0}.Debug|x86.Build.0 = Debug|Any CPU
		{3352DA66-6CB9-4CF3-BC80-E590305041A0}.Release|Any CPU.ActiveCfg = Release|Any CPU
		{3352DA66-6CB9-4CF3-BC80-E590305041A0}.Release|Any CPU.Build.0 = Release|Any CPU
		{3352DA66-6CB9-4CF3-BC80-E590305041A0}.Release|x64.ActiveCfg = Release|Any CPU
		{3352DA66-6CB9-4CF3-BC80-E590305041A0}.Release|x64.Build.0 = Release|Any CPU
		{3352DA66-6CB9-4CF3-BC80-E590305041A0}.Release|x86.ActiveCfg = Release|Any CPU
		{3352DA66-6CB9-4CF3-BC80-E590305041A0}.Release|x86.Build.0 = Release|Any CPU
		{ABA4F7D4-251A-4557-852E-17D279DCE0AE}.Debug|Any CPU.ActiveCfg = Debug|Any CPU
		{ABA4F7D4-251A-4557-852E-17D279DCE0AE}.Debug|Any CPU.Build.0 = Debug|Any CPU
		{ABA4F7D4-251A-4557-852E-17D279DCE0AE}.Debug|x64.ActiveCfg = Debug|Any CPU
		{ABA4F7D4-251A-4557-852E-17D279DCE0AE}.Debug|x64.Build.0 = Debug|Any CPU
		{ABA4F7D4-251A-4557-852E-17D279DCE0AE}.Debug|x86.ActiveCfg = Debug|Any CPU
		{ABA4F7D4-251A-4557-852E-17D279DCE0AE}.Debug|x86.Build.0 = Debug|Any CPU
		{ABA4F7D4-251A-4557-852E-17D279DCE0AE}.Release|Any CPU.ActiveCfg = Release|Any CPU
		{ABA4F7D4-251A-4557-852E-17D279DCE0AE}.Release|Any CPU.Build.0 = Release|Any CPU
		{ABA4F7D4-251A-4557-852E-17D279DCE0AE}.Release|x64.ActiveCfg = Release|Any CPU
		{ABA4F7D4-251A-4557-852E-17D279DCE0AE}.Release|x64.Build.0 = Release|Any CPU
		{ABA4F7D4-251A-4557-852E-17D279DCE0AE}.Release|x86.ActiveCfg = Release|Any CPU
		{ABA4F7D4-251A-4557-852E-17D279DCE0AE}.Release|x86.Build.0 = Release|Any CPU
		{73DD0F73-73B7-45C5-8DBD-DC0EBDE0AB3F}.Debug|Any CPU.ActiveCfg = Debug|Any CPU
		{73DD0F73-73B7-45C5-8DBD-DC0EBDE0AB3F}.Debug|Any CPU.Build.0 = Debug|Any CPU
		{73DD0F73-73B7-45C5-8DBD-DC0EBDE0AB3F}.Debug|x64.ActiveCfg = Debug|Any CPU
		{73DD0F73-73B7-45C5-8DBD-DC0EBDE0AB3F}.Debug|x64.Build.0 = Debug|Any CPU
		{73DD0F73-73B7-45C5-8DBD-DC0EBDE0AB3F}.Debug|x86.ActiveCfg = Debug|Any CPU
		{73DD0F73-73B7-45C5-8DBD-DC0EBDE0AB3F}.Debug|x86.Build.0 = Debug|Any CPU
		{73DD0F73-73B7-45C5-8DBD-DC0EBDE0AB3F}.Release|Any CPU.ActiveCfg = Release|Any CPU
		{73DD0F73-73B7-45C5-8DBD-DC0EBDE0AB3F}.Release|Any CPU.Build.0 = Release|Any CPU
		{73DD0F73-73B7-45C5-8DBD-DC0EBDE0AB3F}.Release|x64.ActiveCfg = Release|Any CPU
		{73DD0F73-73B7-45C5-8DBD-DC0EBDE0AB3F}.Release|x64.Build.0 = Release|Any CPU
		{73DD0F73-73B7-45C5-8DBD-DC0EBDE0AB3F}.Release|x86.ActiveCfg = Release|Any CPU
		{73DD0F73-73B7-45C5-8DBD-DC0EBDE0AB3F}.Release|x86.Build.0 = Release|Any CPU
		{FCBC291C-0217-4BBB-AEFD-F95B62EDBD45}.Debug|Any CPU.ActiveCfg = Debug|Any CPU
		{FCBC291C-0217-4BBB-AEFD-F95B62EDBD45}.Debug|Any CPU.Build.0 = Debug|Any CPU
		{FCBC291C-0217-4BBB-AEFD-F95B62EDBD45}.Debug|x64.ActiveCfg = Debug|Any CPU
		{FCBC291C-0217-4BBB-AEFD-F95B62EDBD45}.Debug|x64.Build.0 = Debug|Any CPU
		{FCBC291C-0217-4BBB-AEFD-F95B62EDBD45}.Debug|x86.ActiveCfg = Debug|Any CPU
		{FCBC291C-0217-4BBB-AEFD-F95B62EDBD45}.Debug|x86.Build.0 = Debug|Any CPU
		{FCBC291C-0217-4BBB-AEFD-F95B62EDBD45}.Release|Any CPU.ActiveCfg = Release|Any CPU
		{FCBC291C-0217-4BBB-AEFD-F95B62EDBD45}.Release|Any CPU.Build.0 = Release|Any CPU
		{FCBC291C-0217-4BBB-AEFD-F95B62EDBD45}.Release|x64.ActiveCfg = Release|Any CPU
		{FCBC291C-0217-4BBB-AEFD-F95B62EDBD45}.Release|x64.Build.0 = Release|Any CPU
		{FCBC291C-0217-4BBB-AEFD-F95B62EDBD45}.Release|x86.ActiveCfg = Release|Any CPU
		{FCBC291C-0217-4BBB-AEFD-F95B62EDBD45}.Release|x86.Build.0 = Release|Any CPU
		{A7592E9B-5455-4461-9C6D-937AA33C490F}.Debug|Any CPU.ActiveCfg = Debug|Any CPU
		{A7592E9B-5455-4461-9C6D-937AA33C490F}.Debug|Any CPU.Build.0 = Debug|Any CPU
		{A7592E9B-5455-4461-9C6D-937AA33C490F}.Debug|x64.ActiveCfg = Debug|Any CPU
		{A7592E9B-5455-4461-9C6D-937AA33C490F}.Debug|x64.Build.0 = Debug|Any CPU
		{A7592E9B-5455-4461-9C6D-937AA33C490F}.Debug|x86.ActiveCfg = Debug|Any CPU
		{A7592E9B-5455-4461-9C6D-937AA33C490F}.Debug|x86.Build.0 = Debug|Any CPU
		{A7592E9B-5455-4461-9C6D-937AA33C490F}.Release|Any CPU.ActiveCfg = Release|Any CPU
		{A7592E9B-5455-4461-9C6D-937AA33C490F}.Release|Any CPU.Build.0 = Release|Any CPU
		{A7592E9B-5455-4461-9C6D-937AA33C490F}.Release|x64.ActiveCfg = Release|Any CPU
		{A7592E9B-5455-4461-9C6D-937AA33C490F}.Release|x64.Build.0 = Release|Any CPU
		{A7592E9B-5455-4461-9C6D-937AA33C490F}.Release|x86.ActiveCfg = Release|Any CPU
		{A7592E9B-5455-4461-9C6D-937AA33C490F}.Release|x86.Build.0 = Release|Any CPU
		{7D67F099-F470-49C4-9F82-36C19CEA53CC}.Debug|Any CPU.ActiveCfg = Debug|Any CPU
		{7D67F099-F470-49C4-9F82-36C19CEA53CC}.Debug|Any CPU.Build.0 = Debug|Any CPU
		{7D67F099-F470-49C4-9F82-36C19CEA53CC}.Debug|x64.ActiveCfg = Debug|Any CPU
		{7D67F099-F470-49C4-9F82-36C19CEA53CC}.Debug|x64.Build.0 = Debug|Any CPU
		{7D67F099-F470-49C4-9F82-36C19CEA53CC}.Debug|x86.ActiveCfg = Debug|Any CPU
		{7D67F099-F470-49C4-9F82-36C19CEA53CC}.Debug|x86.Build.0 = Debug|Any CPU
		{7D67F099-F470-49C4-9F82-36C19CEA53CC}.Release|Any CPU.ActiveCfg = Release|Any CPU
		{7D67F099-F470-49C4-9F82-36C19CEA53CC}.Release|Any CPU.Build.0 = Release|Any CPU
		{7D67F099-F470-49C4-9F82-36C19CEA53CC}.Release|x64.ActiveCfg = Release|Any CPU
		{7D67F099-F470-49C4-9F82-36C19CEA53CC}.Release|x64.Build.0 = Release|Any CPU
		{7D67F099-F470-49C4-9F82-36C19CEA53CC}.Release|x86.ActiveCfg = Release|Any CPU
		{7D67F099-F470-49C4-9F82-36C19CEA53CC}.Release|x86.Build.0 = Release|Any CPU
		{2C43B6A7-38FA-4302-A352-C81D581AFD58}.Debug|Any CPU.ActiveCfg = Debug|Any CPU
		{2C43B6A7-38FA-4302-A352-C81D581AFD58}.Debug|Any CPU.Build.0 = Debug|Any CPU
		{2C43B6A7-38FA-4302-A352-C81D581AFD58}.Debug|x64.ActiveCfg = Debug|Any CPU
		{2C43B6A7-38FA-4302-A352-C81D581AFD58}.Debug|x64.Build.0 = Debug|Any CPU
		{2C43B6A7-38FA-4302-A352-C81D581AFD58}.Debug|x86.ActiveCfg = Debug|Any CPU
		{2C43B6A7-38FA-4302-A352-C81D581AFD58}.Debug|x86.Build.0 = Debug|Any CPU
		{2C43B6A7-38FA-4302-A352-C81D581AFD58}.Release|Any CPU.ActiveCfg = Release|Any CPU
		{2C43B6A7-38FA-4302-A352-C81D581AFD58}.Release|Any CPU.Build.0 = Release|Any CPU
		{2C43B6A7-38FA-4302-A352-C81D581AFD58}.Release|x64.ActiveCfg = Release|Any CPU
		{2C43B6A7-38FA-4302-A352-C81D581AFD58}.Release|x64.Build.0 = Release|Any CPU
		{2C43B6A7-38FA-4302-A352-C81D581AFD58}.Release|x86.ActiveCfg = Release|Any CPU
		{2C43B6A7-38FA-4302-A352-C81D581AFD58}.Release|x86.Build.0 = Release|Any CPU
		{02CD91B7-D542-412E-9626-6C332E72EDF0}.Debug|Any CPU.ActiveCfg = Debug|Any CPU
		{02CD91B7-D542-412E-9626-6C332E72EDF0}.Debug|Any CPU.Build.0 = Debug|Any CPU
		{02CD91B7-D542-412E-9626-6C332E72EDF0}.Debug|x64.ActiveCfg = Debug|Any CPU
		{02CD91B7-D542-412E-9626-6C332E72EDF0}.Debug|x64.Build.0 = Debug|Any CPU
		{02CD91B7-D542-412E-9626-6C332E72EDF0}.Debug|x86.ActiveCfg = Debug|Any CPU
		{02CD91B7-D542-412E-9626-6C332E72EDF0}.Debug|x86.Build.0 = Debug|Any CPU
		{02CD91B7-D542-412E-9626-6C332E72EDF0}.Release|Any CPU.ActiveCfg = Release|Any CPU
		{02CD91B7-D542-412E-9626-6C332E72EDF0}.Release|Any CPU.Build.0 = Release|Any CPU
		{02CD91B7-D542-412E-9626-6C332E72EDF0}.Release|x64.ActiveCfg = Release|Any CPU
		{02CD91B7-D542-412E-9626-6C332E72EDF0}.Release|x64.Build.0 = Release|Any CPU
		{02CD91B7-D542-412E-9626-6C332E72EDF0}.Release|x86.ActiveCfg = Release|Any CPU
		{02CD91B7-D542-412E-9626-6C332E72EDF0}.Release|x86.Build.0 = Release|Any CPU
	EndGlobalSection
	GlobalSection(SolutionProperties) = preSolution
		HideSolutionNode = FALSE
	EndGlobalSection
	GlobalSection(NestedProjects) = preSolution
		{F23F91C6-05E3-4019-8114-6B88F594C087} = {51C99A32-0B58-465E-9EEC-58A8B7928EBE}
		{E5691D74-05AB-4960-BC5B-86B2B29E6771} = {51C99A32-0B58-465E-9EEC-58A8B7928EBE}
		{3B2434B1-E8BC-40FA-95C0-DD3DE12C37B9} = {51C99A32-0B58-465E-9EEC-58A8B7928EBE}
		{3352DA66-6CB9-4CF3-BC80-E590305041A0} = {51C99A32-0B58-465E-9EEC-58A8B7928EBE}
		{ABA4F7D4-251A-4557-852E-17D279DCE0AE} = {51C99A32-0B58-465E-9EEC-58A8B7928EBE}
		{73DD0F73-73B7-45C5-8DBD-DC0EBDE0AB3F} = {51C99A32-0B58-465E-9EEC-58A8B7928EBE}
		{FCBC291C-0217-4BBB-AEFD-F95B62EDBD45} = {51C99A32-0B58-465E-9EEC-58A8B7928EBE}
		{A7592E9B-5455-4461-9C6D-937AA33C490F} = {51C99A32-0B58-465E-9EEC-58A8B7928EBE}
		{7D67F099-F470-49C4-9F82-36C19CEA53CC} = {51C99A32-0B58-465E-9EEC-58A8B7928EBE}
		{2C43B6A7-38FA-4302-A352-C81D581AFD58} = {51C99A32-0B58-465E-9EEC-58A8B7928EBE}
		{02CD91B7-D542-412E-9626-6C332E72EDF0} = {51C99A32-0B58-465E-9EEC-58A8B7928EBE}
	EndGlobalSection
	GlobalSection(ExtensibilityGlobals) = postSolution
		SolutionGuid = {885186C6-BB48-4397-A88D-E500AC03620A}
	EndGlobalSection
EndGlobal
