
Microsoft Visual Studio Solution File, Format Version 12.00
# Visual Studio Version 16
VisualStudioVersion = 16.0.30114.105
MinimumVisualStudioVersion = 10.0.40219.1
Project("{FAE04EC0-301F-11D3-BF4B-00C04F79EFBC}") = "R5T.Frisia.Suebia", "R5T.Frisia.Suebia\R5T.Frisia.Suebia.csproj", "{5A1B6083-6D26-4976-A7B3-219DAAACB39D}"
EndProject
Project("{FAE04EC0-301F-11D3-BF4B-00C04F79EFBC}") = "R5T.Frisia.Suebia.Construction", "R5T.Frisia.Suebia.Construction\R5T.Frisia.Suebia.Construction.csproj", "{C709A92B-C043-4932-B3AC-92B49BEA57D8}"
EndProject
Project("{FAE04EC0-301F-11D3-BF4B-00C04F79EFBC}") = "R5T.Frisia.Suebia.Testing", "R5T.Frisia.Suebia.Testing\R5T.Frisia.Suebia.Testing.csproj", "{9C926F1F-36E5-4EBD-A623-3FB2A6843D79}"
EndProject
Global
	GlobalSection(SolutionConfigurationPlatforms) = preSolution
		Debug|Any CPU = Debug|Any CPU
		Debug|x64 = Debug|x64
		Debug|x86 = Debug|x86
		Release|Any CPU = Release|Any CPU
		Release|x64 = Release|x64
		Release|x86 = Release|x86
	EndGlobalSection
	GlobalSection(SolutionProperties) = preSolution
		HideSolutionNode = FALSE
	EndGlobalSection
	GlobalSection(ProjectConfigurationPlatforms) = postSolution
		{5A1B6083-6D26-4976-A7B3-219DAAACB39D}.Debug|Any CPU.ActiveCfg = Debug|Any CPU
		{5A1B6083-6D26-4976-A7B3-219DAAACB39D}.Debug|Any CPU.Build.0 = Debug|Any CPU
		{5A1B6083-6D26-4976-A7B3-219DAAACB39D}.Debug|x64.ActiveCfg = Debug|Any CPU
		{5A1B6083-6D26-4976-A7B3-219DAAACB39D}.Debug|x64.Build.0 = Debug|Any CPU
		{5A1B6083-6D26-4976-A7B3-219DAAACB39D}.Debug|x86.ActiveCfg = Debug|Any CPU
		{5A1B6083-6D26-4976-A7B3-219DAAACB39D}.Debug|x86.Build.0 = Debug|Any CPU
		{5A1B6083-6D26-4976-A7B3-219DAAACB39D}.Release|Any CPU.ActiveCfg = Release|Any CPU
		{5A1B6083-6D26-4976-A7B3-219DAAACB39D}.Release|Any CPU.Build.0 = Release|Any CPU
		{5A1B6083-6D26-4976-A7B3-219DAAACB39D}.Release|x64.ActiveCfg = Release|Any CPU
		{5A1B6083-6D26-4976-A7B3-219DAAACB39D}.Release|x64.Build.0 = Release|Any CPU
		{5A1B6083-6D26-4976-A7B3-219DAAACB39D}.Release|x86.ActiveCfg = Release|Any CPU
		{5A1B6083-6D26-4976-A7B3-219DAAACB39D}.Release|x86.Build.0 = Release|Any CPU
		{C709A92B-C043-4932-B3AC-92B49BEA57D8}.Debug|Any CPU.ActiveCfg = Debug|Any CPU
		{C709A92B-C043-4932-B3AC-92B49BEA57D8}.Debug|Any CPU.Build.0 = Debug|Any CPU
		{C709A92B-C043-4932-B3AC-92B49BEA57D8}.Debug|x64.ActiveCfg = Debug|Any CPU
		{C709A92B-C043-4932-B3AC-92B49BEA57D8}.Debug|x64.Build.0 = Debug|Any CPU
		{C709A92B-C043-4932-B3AC-92B49BEA57D8}.Debug|x86.ActiveCfg = Debug|Any CPU
		{C709A92B-C043-4932-B3AC-92B49BEA57D8}.Debug|x86.Build.0 = Debug|Any CPU
		{C709A92B-C043-4932-B3AC-92B49BEA57D8}.Release|Any CPU.ActiveCfg = Release|Any CPU
		{C709A92B-C043-4932-B3AC-92B49BEA57D8}.Release|Any CPU.Build.0 = Release|Any CPU
		{C709A92B-C043-4932-B3AC-92B49BEA57D8}.Release|x64.ActiveCfg = Release|Any CPU
		{C709A92B-C043-4932-B3AC-92B49BEA57D8}.Release|x64.Build.0 = Release|Any CPU
		{C709A92B-C043-4932-B3AC-92B49BEA57D8}.Release|x86.ActiveCfg = Release|Any CPU
		{C709A92B-C043-4932-B3AC-92B49BEA57D8}.Release|x86.Build.0 = Release|Any CPU
		{9C926F1F-36E5-4EBD-A623-3FB2A6843D79}.Debug|Any CPU.ActiveCfg = Debug|Any CPU
		{9C926F1F-36E5-4EBD-A623-3FB2A6843D79}.Debug|Any CPU.Build.0 = Debug|Any CPU
		{9C926F1F-36E5-4EBD-A623-3FB2A6843D79}.Debug|x64.ActiveCfg = Debug|Any CPU
		{9C926F1F-36E5-4EBD-A623-3FB2A6843D79}.Debug|x64.Build.0 = Debug|Any CPU
		{9C926F1F-36E5-4EBD-A623-3FB2A6843D79}.Debug|x86.ActiveCfg = Debug|Any CPU
		{9C926F1F-36E5-4EBD-A623-3FB2A6843D79}.Debug|x86.Build.0 = Debug|Any CPU
		{9C926F1F-36E5-4EBD-A623-3FB2A6843D79}.Release|Any CPU.ActiveCfg = Release|Any CPU
		{9C926F1F-36E5-4EBD-A623-3FB2A6843D79}.Release|Any CPU.Build.0 = Release|Any CPU
		{9C926F1F-36E5-4EBD-A623-3FB2A6843D79}.Release|x64.ActiveCfg = Release|Any CPU
		{9C926F1F-36E5-4EBD-A623-3FB2A6843D79}.Release|x64.Build.0 = Release|Any CPU
		{9C926F1F-36E5-4EBD-A623-3FB2A6843D79}.Release|x86.ActiveCfg = Release|Any CPU
		{9C926F1F-36E5-4EBD-A623-3FB2A6843D79}.Release|x86.Build.0 = Release|Any CPU
	EndGlobalSection
EndGlobal
